// !$*UTF8*$!
{
	archiveVersion = 1;
	classes = {
	};
	objectVersion = 46;
	objects = {

/* Begin PBXBuildFile section */
		F93DADBE1987F45600238B78 /* Foundation.framework in Frameworks */ = {isa = PBXBuildFile; fileRef = F93DADBD1987F45600238B78 /* Foundation.framework */; };
		F93DADC01987F45600238B78 /* CoreGraphics.framework in Frameworks */ = {isa = PBXBuildFile; fileRef = F93DADBF1987F45600238B78 /* CoreGraphics.framework */; };
		F93DADC21987F45600238B78 /* UIKit.framework in Frameworks */ = {isa = PBXBuildFile; fileRef = F93DADC11987F45600238B78 /* UIKit.framework */; };
		F93DADC81987F45600238B78 /* InfoPlist.strings in Resources */ = {isa = PBXBuildFile; fileRef = F93DADC61987F45600238B78 /* InfoPlist.strings */; };
		F93DADCA1987F45600238B78 /* main.m in Sources */ = {isa = PBXBuildFile; fileRef = F93DADC91987F45600238B78 /* main.m */; };
		F93DADCE1987F45600238B78 /* AppDelegate.m in Sources */ = {isa = PBXBuildFile; fileRef = F93DADCD1987F45600238B78 /* AppDelegate.m */; };
		F93DADD11987F45600238B78 /* Main.storyboard in Resources */ = {isa = PBXBuildFile; fileRef = F93DADCF1987F45600238B78 /* Main.storyboard */; };
		F93DADD41987F45600238B78 /* RootViewController.m in Sources */ = {isa = PBXBuildFile; fileRef = F93DADD31987F45600238B78 /* RootViewController.m */; };
		F93DADD61987F45600238B78 /* Images.xcassets in Resources */ = {isa = PBXBuildFile; fileRef = F93DADD51987F45600238B78 /* Images.xcassets */; };
		F93DADDD1987F45600238B78 /* XCTest.framework in Frameworks */ = {isa = PBXBuildFile; fileRef = F93DADDC1987F45600238B78 /* XCTest.framework */; };
		F93DADDE1987F45600238B78 /* Foundation.framework in Frameworks */ = {isa = PBXBuildFile; fileRef = F93DADBD1987F45600238B78 /* Foundation.framework */; };
		F93DADDF1987F45600238B78 /* UIKit.framework in Frameworks */ = {isa = PBXBuildFile; fileRef = F93DADC11987F45600238B78 /* UIKit.framework */; };
		F93DADE71987F45600238B78 /* InfoPlist.strings in Resources */ = {isa = PBXBuildFile; fileRef = F93DADE51987F45600238B78 /* InfoPlist.strings */; };
		F93DADE91987F45600238B78 /* DragonFashionTests.m in Sources */ = {isa = PBXBuildFile; fileRef = F93DADE81987F45600238B78 /* DragonFashionTests.m */; };
		F93DADF41987FB2700238B78 /* Dragon.m in Sources */ = {isa = PBXBuildFile; fileRef = F93DADF31987FB2700238B78 /* Dragon.m */; };
/* End PBXBuildFile section */

/* Begin PBXContainerItemProxy section */
		F93DADE01987F45600238B78 /* PBXContainerItemProxy */ = {
			isa = PBXContainerItemProxy;
			containerPortal = F93DADB21987F45500238B78 /* Project object */;
			proxyType = 1;
			remoteGlobalIDString = F93DADB91987F45600238B78;
			remoteInfo = DragonFashion;
		};
/* End PBXContainerItemProxy section */

/* Begin PBXFileReference section */
		F93DADBA1987F45600238B78 /* DragonFashion.app */ = {isa = PBXFileReference; explicitFileType = wrapper.application; includeInIndex = 0; path = DragonFashion.app; sourceTree = BUILT_PRODUCTS_DIR; };
		F93DADBD1987F45600238B78 /* Foundation.framework */ = {isa = PBXFileReference; lastKnownFileType = wrapper.framework; name = Foundation.framework; path = System/Library/Frameworks/Foundation.framework; sourceTree = SDKROOT; };
		F93DADBF1987F45600238B78 /* CoreGraphics.framework */ = {isa = PBXFileReference; lastKnownFileType = wrapper.framework; name = CoreGraphics.framework; path = System/Library/Frameworks/CoreGraphics.framework; sourceTree = SDKROOT; };
		F93DADC11987F45600238B78 /* UIKit.framework */ = {isa = PBXFileReference; lastKnownFileType = wrapper.framework; name = UIKit.framework; path = System/Library/Frameworks/UIKit.framework; sourceTree = SDKROOT; };
		F93DADC51987F45600238B78 /* DragonFashion-Info.plist */ = {isa = PBXFileReference; lastKnownFileType = text.plist.xml; path = "DragonFashion-Info.plist"; sourceTree = "<group>"; };
		F93DADC71987F45600238B78 /* en */ = {isa = PBXFileReference; lastKnownFileType = text.plist.strings; name = en; path = en.lproj/InfoPlist.strings; sourceTree = "<group>"; };
		F93DADC91987F45600238B78 /* main.m */ = {isa = PBXFileReference; lastKnownFileType = sourcecode.c.objc; path = main.m; sourceTree = "<group>"; };
		F93DADCB1987F45600238B78 /* DragonFashion-Prefix.pch */ = {isa = PBXFileReference; lastKnownFileType = sourcecode.c.h; path = "DragonFashion-Prefix.pch"; sourceTree = "<group>"; };
		F93DADCC1987F45600238B78 /* AppDelegate.h */ = {isa = PBXFileReference; lastKnownFileType = sourcecode.c.h; path = AppDelegate.h; sourceTree = "<group>"; };
		F93DADCD1987F45600238B78 /* AppDelegate.m */ = {isa = PBXFileReference; lastKnownFileType = sourcecode.c.objc; path = AppDelegate.m; sourceTree = "<group>"; };
		F93DADD01987F45600238B78 /* Base */ = {isa = PBXFileReference; lastKnownFileType = file.storyboard; name = Base; path = Base.lproj/Main.storyboard; sourceTree = "<group>"; };
		F93DADD21987F45600238B78 /* RootViewController.h */ = {isa = PBXFileReference; lastKnownFileType = sourcecode.c.h; path = RootViewController.h; sourceTree = "<group>"; };
		F93DADD31987F45600238B78 /* RootViewController.m */ = {isa = PBXFileReference; lastKnownFileType = sourcecode.c.objc; path = RootViewController.m; sourceTree = "<group>"; };
		F93DADD51987F45600238B78 /* Images.xcassets */ = {isa = PBXFileReference; lastKnownFileType = folder.assetcatalog; path = Images.xcassets; sourceTree = "<group>"; };
		F93DADDB1987F45600238B78 /* DragonFashionTests.xctest */ = {isa = PBXFileReference; explicitFileType = wrapper.cfbundle; includeInIndex = 0; path = DragonFashionTests.xctest; sourceTree = BUILT_PRODUCTS_DIR; };
		F93DADDC1987F45600238B78 /* XCTest.framework */ = {isa = PBXFileReference; lastKnownFileType = wrapper.framework; name = XCTest.framework; path = Library/Frameworks/XCTest.framework; sourceTree = DEVELOPER_DIR; };
		F93DADE41987F45600238B78 /* DragonFashionTests-Info.plist */ = {isa = PBXFileReference; lastKnownFileType = text.plist.xml; path = "DragonFashionTests-Info.plist"; sourceTree = "<group>"; };
		F93DADE61987F45600238B78 /* en */ = {isa = PBXFileReference; lastKnownFileType = text.plist.strings; name = en; path = en.lproj/InfoPlist.strings; sourceTree = "<group>"; };
		F93DADE81987F45600238B78 /* DragonFashionTests.m */ = {isa = PBXFileReference; lastKnownFileType = sourcecode.c.objc; path = DragonFashionTests.m; sourceTree = "<group>"; };
		F93DADF21987FB2700238B78 /* Dragon.h */ = {isa = PBXFileReference; fileEncoding = 4; lastKnownFileType = sourcecode.c.h; path = Dragon.h; sourceTree = "<group>"; };
		F93DADF31987FB2700238B78 /* Dragon.m */ = {isa = PBXFileReference; fileEncoding = 4; lastKnownFileType = sourcecode.c.objc; path = Dragon.m; sourceTree = "<group>"; };
/* End PBXFileReference section */

/* Begin PBXFrameworksBuildPhase section */
		F93DADB71987F45600238B78 /* Frameworks */ = {
			isa = PBXFrameworksBuildPhase;
			buildActionMask = 2147483647;
			files = (
				F93DADC01987F45600238B78 /* CoreGraphics.framework in Frameworks */,
				F93DADC21987F45600238B78 /* UIKit.framework in Frameworks */,
				F93DADBE1987F45600238B78 /* Foundation.framework in Frameworks */,
			);
			runOnlyForDeploymentPostprocessing = 0;
		};
		F93DADD81987F45600238B78 /* Frameworks */ = {
			isa = PBXFrameworksBuildPhase;
			buildActionMask = 2147483647;
			files = (
				F93DADDD1987F45600238B78 /* XCTest.framework in Frameworks */,
				F93DADDF1987F45600238B78 /* UIKit.framework in Frameworks */,
				F93DADDE1987F45600238B78 /* Foundation.framework in Frameworks */,
			);
			runOnlyForDeploymentPostprocessing = 0;
		};
/* End PBXFrameworksBuildPhase section */

/* Begin PBXGroup section */
		F93DADB11987F45500238B78 = {
			isa = PBXGroup;
			children = (
				F93DADC31987F45600238B78 /* DragonFashion */,
				F93DADE21987F45600238B78 /* DragonFashionTests */,
				F93DADBC1987F45600238B78 /* Frameworks */,
				F93DADBB1987F45600238B78 /* Products */,
			);
			sourceTree = "<group>";
		};
		F93DADBB1987F45600238B78 /* Products */ = {
			isa = PBXGroup;
			children = (
				F93DADBA1987F45600238B78 /* DragonFashion.app */,
				F93DADDB1987F45600238B78 /* DragonFashionTests.xctest */,
			);
			name = Products;
			sourceTree = "<group>";
		};
		F93DADBC1987F45600238B78 /* Frameworks */ = {
			isa = PBXGroup;
			children = (
				F93DADBD1987F45600238B78 /* Foundation.framework */,
				F93DADBF1987F45600238B78 /* CoreGraphics.framework */,
				F93DADC11987F45600238B78 /* UIKit.framework */,
				F93DADDC1987F45600238B78 /* XCTest.framework */,
			);
			name = Frameworks;
			sourceTree = "<group>";
		};
		F93DADC31987F45600238B78 /* DragonFashion */ = {
			isa = PBXGroup;
			children = (
				F93DADCC1987F45600238B78 /* AppDelegate.h */,
				F93DADCD1987F45600238B78 /* AppDelegate.m */,
				F93DADCF1987F45600238B78 /* Main.storyboard */,
				F93DADD21987F45600238B78 /* RootViewController.h */,
				F93DADD31987F45600238B78 /* RootViewController.m */,
				F93DADD51987F45600238B78 /* Images.xcassets */,
				F93DADC41987F45600238B78 /* Supporting Files */,
				F93DADF21987FB2700238B78 /* Dragon.h */,
				F93DADF31987FB2700238B78 /* Dragon.m */,
			);
			path = DragonFashion;
			sourceTree = "<group>";
		};
		F93DADC41987F45600238B78 /* Supporting Files */ = {
			isa = PBXGroup;
			children = (
				F93DADC51987F45600238B78 /* DragonFashion-Info.plist */,
				F93DADC61987F45600238B78 /* InfoPlist.strings */,
				F93DADC91987F45600238B78 /* main.m */,
				F93DADCB1987F45600238B78 /* DragonFashion-Prefix.pch */,
			);
			name = "Supporting Files";
			sourceTree = "<group>";
		};
		F93DADE21987F45600238B78 /* DragonFashionTests */ = {
			isa = PBXGroup;
			children = (
				F93DADE81987F45600238B78 /* DragonFashionTests.m */,
				F93DADE31987F45600238B78 /* Supporting Files */,
			);
			path = DragonFashionTests;
			sourceTree = "<group>";
		};
		F93DADE31987F45600238B78 /* Supporting Files */ = {
			isa = PBXGroup;
			children = (
				F93DADE41987F45600238B78 /* DragonFashionTests-Info.plist */,
				F93DADE51987F45600238B78 /* InfoPlist.strings */,
			);
			name = "Supporting Files";
			sourceTree = "<group>";
		};
/* End PBXGroup section */

/* Begin PBXNativeTarget section */
		F93DADB91987F45600238B78 /* DragonFashion */ = {
			isa = PBXNativeTarget;
			buildConfigurationList = F93DADEC1987F45600238B78 /* Build configuration list for PBXNativeTarget "DragonFashion" */;
			buildPhases = (
				F93DADB61987F45600238B78 /* Sources */,
				F93DADB71987F45600238B78 /* Frameworks */,
				F93DADB81987F45600238B78 /* Resources */,
			);
			buildRules = (
			);
			dependencies = (
			);
			name = DragonFashion;
			productName = DragonFashion;
			productReference = F93DADBA1987F45600238B78 /* DragonFashion.app */;
			productType = "com.apple.product-type.application";
		};
		F93DADDA1987F45600238B78 /* DragonFashionTests */ = {
			isa = PBXNativeTarget;
			buildConfigurationList = F93DADEF1987F45600238B78 /* Build configuration list for PBXNativeTarget "DragonFashionTests" */;
			buildPhases = (
				F93DADD71987F45600238B78 /* Sources */,
				F93DADD81987F45600238B78 /* Frameworks */,
				F93DADD91987F45600238B78 /* Resources */,
			);
			buildRules = (
			);
			dependencies = (
				F93DADE11987F45600238B78 /* PBXTargetDependency */,
			);
			name = DragonFashionTests;
			productName = DragonFashionTests;
			productReference = F93DADDB1987F45600238B78 /* DragonFashionTests.xctest */;
			productType = "com.apple.product-type.bundle.unit-test";
		};
/* End PBXNativeTarget section */

/* Begin PBXProject section */
		F93DADB21987F45500238B78 /* Project object */ = {
			isa = PBXProject;
			attributes = {
				LastUpgradeCheck = 0510;
				ORGANIZATIONNAME = "___FULLUSERNAME___";
				TargetAttributes = {
					F93DADDA1987F45600238B78 = {
						TestTargetID = F93DADB91987F45600238B78;
					};
				};
			};
			buildConfigurationList = F93DADB51987F45500238B78 /* Build configuration list for PBXProject "DragonFashion" */;
			compatibilityVersion = "Xcode 3.2";
			developmentRegion = English;
			hasScannedForEncodings = 0;
			knownRegions = (
				en,
				Base,
			);
			mainGroup = F93DADB11987F45500238B78;
			productRefGroup = F93DADBB1987F45600238B78 /* Products */;
			projectDirPath = "";
			projectRoot = "";
			targets = (
				F93DADB91987F45600238B78 /* DragonFashion */,
				F93DADDA1987F45600238B78 /* DragonFashionTests */,
			);
		};
/* End PBXProject section */

/* Begin PBXResourcesBuildPhase section */
		F93DADB81987F45600238B78 /* Resources */ = {
			isa = PBXResourcesBuildPhase;
			buildActionMask = 2147483647;
			files = (
				F93DADD61987F45600238B78 /* Images.xcassets in Resources */,
				F93DADC81987F45600238B78 /* InfoPlist.strings in Resources */,
				F93DADD11987F45600238B78 /* Main.storyboard in Resources */,
			);
			runOnlyForDeploymentPostprocessing = 0;
		};
		F93DADD91987F45600238B78 /* Resources */ = {
			isa = PBXResourcesBuildPhase;
			buildActionMask = 2147483647;
			files = (
				F93DADE71987F45600238B78 /* InfoPlist.strings in Resources */,
			);
			runOnlyForDeploymentPostprocessing = 0;
		};
/* End PBXResourcesBuildPhase section */

/* Begin PBXSourcesBuildPhase section */
		F93DADB61987F45600238B78 /* Sources */ = {
			isa = PBXSourcesBuildPhase;
			buildActionMask = 2147483647;
			files = (
				F93DADD41987F45600238B78 /* RootViewController.m in Sources */,
				F93DADCE1987F45600238B78 /* AppDelegate.m in Sources */,
				F93DADF41987FB2700238B78 /* Dragon.m in Sources */,
				F93DADCA1987F45600238B78 /* main.m in Sources */,
			);
			runOnlyForDeploymentPostprocessing = 0;
		};
		F93DADD71987F45600238B78 /* Sources */ = {
			isa = PBXSourcesBuildPhase;
			buildActionMask = 2147483647;
			files = (
				F93DADE91987F45600238B78 /* DragonFashionTests.m in Sources */,
			);
			runOnlyForDeploymentPostprocessing = 0;
		};
/* End PBXSourcesBuildPhase section */

/* Begin PBXTargetDependency section */
		F93DADE11987F45600238B78 /* PBXTargetDependency */ = {
			isa = PBXTargetDependency;
			target = F93DADB91987F45600238B78 /* DragonFashion */;
			targetProxy = F93DADE01987F45600238B78 /* PBXContainerItemProxy */;
		};
/* End PBXTargetDependency section */

/* Begin PBXVariantGroup section */
		F93DADC61987F45600238B78 /* InfoPlist.strings */ = {
			isa = PBXVariantGroup;
			children = (
				F93DADC71987F45600238B78 /* en */,
			);
			name = InfoPlist.strings;
			sourceTree = "<group>";
		};
		F93DADCF1987F45600238B78 /* Main.storyboard */ = {
			isa = PBXVariantGroup;
			children = (
				F93DADD01987F45600238B78 /* Base */,
			);
			name = Main.storyboard;
			sourceTree = "<group>";
		};
		F93DADE51987F45600238B78 /* InfoPlist.strings */ = {
			isa = PBXVariantGroup;
			children = (
				F93DADE61987F45600238B78 /* en */,
			);
			name = InfoPlist.strings;
			sourceTree = "<group>";
		};
/* End PBXVariantGroup section */

/* Begin XCBuildConfiguration section */
		F93DADEA1987F45600238B78 /* Debug */ = {
			isa = XCBuildConfiguration;
			buildSettings = {
				ALWAYS_SEARCH_USER_PATHS = NO;
				CLANG_CXX_LANGUAGE_STANDARD = "gnu++0x";
				CLANG_CXX_LIBRARY = "libc++";
				CLANG_ENABLE_MODULES = YES;
				CLANG_ENABLE_OBJC_ARC = YES;
				CLANG_WARN_BOOL_CONVERSION = YES;
				CLANG_WARN_CONSTANT_CONVERSION = YES;
				CLANG_WARN_DIRECT_OBJC_ISA_USAGE = YES_ERROR;
				CLANG_WARN_EMPTY_BODY = YES;
				CLANG_WARN_ENUM_CONVERSION = YES;
				CLANG_WARN_INT_CONVERSION = YES;
				CLANG_WARN_OBJC_ROOT_CLASS = YES_ERROR;
				CLANG_WARN__DUPLICATE_METHOD_MATCH = YES;
				"CODE_SIGN_IDENTITY[sdk=iphoneos*]" = "iPhone Developer";
				COPY_PHASE_STRIP = NO;
				GCC_C_LANGUAGE_STANDARD = gnu99;
				GCC_DYNAMIC_NO_PIC = NO;
				GCC_OPTIMIZATION_LEVEL = 0;
				GCC_PREPROCESSOR_DEFINITIONS = (
					"DEBUG=1",
					"$(inherited)",
				);
				GCC_SYMBOLS_PRIVATE_EXTERN = NO;
				GCC_WARN_64_TO_32_BIT_CONVERSION = YES;
				GCC_WARN_ABOUT_RETURN_TYPE = YES_ERROR;
				GCC_WARN_UNDECLARED_SELECTOR = YES;
				GCC_WARN_UNINITIALIZED_AUTOS = YES_AGGRESSIVE;
				GCC_WARN_UNUSED_FUNCTION = YES;
				GCC_WARN_UNUSED_VARIABLE = YES;
				IPHONEOS_DEPLOYMENT_TARGET = 7.1;
				ONLY_ACTIVE_ARCH = YES;
				SDKROOT = iphoneos;
			};
			name = Debug;
		};
		F93DADEB1987F45600238B78 /* Release */ = {
			isa = XCBuildConfiguration;
			buildSettings = {
				ALWAYS_SEARCH_USER_PATHS = NO;
				CLANG_CXX_LANGUAGE_STANDARD = "gnu++0x";
				CLANG_CXX_LIBRARY = "libc++";
				CLANG_ENABLE_MODULES = YES;
				CLANG_ENABLE_OBJC_ARC = YES;
				CLANG_WARN_BOOL_CONVERSION = YES;
				CLANG_WARN_CONSTANT_CONVERSION = YES;
				CLANG_WARN_DIRECT_OBJC_ISA_USAGE = YES_ERROR;
				CLANG_WARN_EMPTY_BODY = YES;
				CLANG_WARN_ENUM_CONVERSION = YES;
				CLANG_WARN_INT_CONVERSION = YES;
				CLANG_WARN_OBJC_ROOT_CLASS = YES_ERROR;
				CLANG_WARN__DUPLICATE_METHOD_MATCH = YES;
				"CODE_SIGN_IDENTITY[sdk=iphoneos*]" = "iPhone Developer";
				COPY_PHASE_STRIP = YES;
				ENABLE_NS_ASSERTIONS = NO;
				GCC_C_LANGUAGE_STANDARD = gnu99;
				GCC_WARN_64_TO_32_BIT_CONVERSION = YES;
				GCC_WARN_ABOUT_RETURN_TYPE = YES_ERROR;
				GCC_WARN_UNDECLARED_SELECTOR = YES;
				GCC_WARN_UNINITIALIZED_AUTOS = YES_AGGRESSIVE;
				GCC_WARN_UNUSED_FUNCTION = YES;
				GCC_WARN_UNUSED_VARIABLE = YES;
				IPHONEOS_DEPLOYMENT_TARGET = 7.1;
				SDKROOT = iphoneos;
				VALIDATE_PRODUCT = YES;
			};
			name = Release;
		};
		F93DADED1987F45600238B78 /* Debug */ = {
			isa = XCBuildConfiguration;
			buildSettings = {
				ASSETCATALOG_COMPILER_APPICON_NAME = AppIcon;
				ASSETCATALOG_COMPILER_LAUNCHIMAGE_NAME = LaunchImage;
				GCC_PRECOMPILE_PREFIX_HEADER = YES;
				GCC_PREFIX_HEADER = "DragonFashion/DragonFashion-Prefix.pch";
				INFOPLIST_FILE = "DragonFashion/DragonFashion-Info.plist";
				PRODUCT_NAME = "$(TARGET_NAME)";
				WRAPPER_EXTENSION = app;
			};
			name = Debug;
		};
		F93DADEE1987F45600238B78 /* Release */ = {
			isa = XCBuildConfiguration;
			buildSettings = {
				ASSETCATALOG_COMPILER_APPICON_NAME = AppIcon;
				ASSETCATALOG_COMPILER_LAUNCHIMAGE_NAME = LaunchImage;
				GCC_PRECOMPILE_PREFIX_HEADER = YES;
				GCC_PREFIX_HEADER = "DragonFashion/DragonFashion-Prefix.pch";
				INFOPLIST_FILE = "DragonFashion/DragonFashion-Info.plist";
				PRODUCT_NAME = "$(TARGET_NAME)";
				WRAPPER_EXTENSION = app;
			};
			name = Release;
		};
		F93DADF01987F45600238B78 /* Debug */ = {
			isa = XCBuildConfiguration;
			buildSettings = {
				BUNDLE_LOADER = "$(BUILT_PRODUCTS_DIR)/DragonFashion.app/DragonFashion";
				FRAMEWORK_SEARCH_PATHS = (
					"$(SDKROOT)/Developer/Library/Frameworks",
					"$(inherited)",
					"$(DEVELOPER_FRAMEWORKS_DIR)",
				);
				GCC_PRECOMPILE_PREFIX_HEADER = YES;
				GCC_PREFIX_HEADER = "DragonFashion/DragonFashion-Prefix.pch";
				GCC_PREPROCESSOR_DEFINITIONS = (
					"DEBUG=1",
					"$(inherited)",
				);
				INFOPLIST_FILE = "DragonFashionTests/DragonFashionTests-Info.plist";
				PRODUCT_NAME = "$(TARGET_NAME)";
				TEST_HOST = "$(BUNDLE_LOADER)";
				WRAPPER_EXTENSION = xctest;
			};
			name = Debug;
		};
		F93DADF11987F45600238B78 /* Release */ = {
			isa = XCBuildConfiguration;
			buildSettings = {
				BUNDLE_LOADER = "$(BUILT_PRODUCTS_DIR)/DragonFashion.app/DragonFashion";
				FRAMEWORK_SEARCH_PATHS = (
					"$(SDKROOT)/Developer/Library/Frameworks",
					"$(inherited)",
					"$(DEVELOPER_FRAMEWORKS_DIR)",
				);
				GCC_PRECOMPILE_PREFIX_HEADER = YES;
				GCC_PREFIX_HEADER = "DragonFashion/DragonFashion-Prefix.pch";
				INFOPLIST_FILE = "DragonFashionTests/DragonFashionTests-Info.plist";
				PRODUCT_NAME = "$(TARGET_NAME)";
				TEST_HOST = "$(BUNDLE_LOADER)";
				WRAPPER_EXTENSION = xctest;
			};
			name = Release;
		};
/* End XCBuildConfiguration section */

/* Begin XCConfigurationList section */
		F93DADB51987F45500238B78 /* Build configuration list for PBXProject "DragonFashion" */ = {
			isa = XCConfigurationList;
			buildConfigurations = (
				F93DADEA1987F45600238B78 /* Debug */,
				F93DADEB1987F45600238B78 /* Release */,
			);
			defaultConfigurationIsVisible = 0;
			defaultConfigurationName = Release;
		};
		F93DADEC1987F45600238B78 /* Build configuration list for PBXNativeTarget "DragonFashion" */ = {
			isa = XCConfigurationList;
			buildConfigurations = (
				F93DADED1987F45600238B78 /* Debug */,
				F93DADEE1987F45600238B78 /* Release */,
			);
			defaultConfigurationIsVisible = 0;
		};
		F93DADEF1987F45600238B78 /* Build configuration list for PBXNativeTarget "DragonFashionTests" */ = {
			isa = XCConfigurationList;
			buildConfigurations = (
				F93DADF01987F45600238B78 /* Debug */,
				F93DADF11987F45600238B78 /* Release */,
			);
			defaultConfigurationIsVisible = 0;
		};
/* End XCConfigurationList section */
	};
	rootObject = F93DADB21987F45500238B78 /* Project object */;
}
